
Microsoft Visual Studio Solution File, Format Version 12.00
Project("{F2A71F9B-5D33-465A-A702-920D77279786}") = "FsharpTodoApp", "FsharpTodoApp\FsharpTodoApp.fsproj", "{9719C83C-2592-472D-8CA5-6B3A755AB5A1}"
EndProject
Global
	GlobalSection(SolutionConfigurationPlatforms) = preSolution
		Debug|Any CPU = Debug|Any CPU
		Release|Any CPU = Release|Any CPU
	EndGlobalSection
	GlobalSection(ProjectConfigurationPlatforms) = postSolution
		{9719C83C-2592-472D-8CA5-6B3A755AB5A1}.Debug|Any CPU.ActiveCfg = Debug|Any CPU
		{9719C83C-2592-472D-8CA5-6B3A755AB5A1}.Debug|Any CPU.Build.0 = Debug|Any CPU
		{9719C83C-2592-472D-8CA5-6B3A755AB5A1}.Release|Any CPU.ActiveCfg = Release|Any CPU
		{9719C83C-2592-472D-8CA5-6B3A755AB5A1}.Release|Any CPU.Build.0 = Release|Any CPU
	EndGlobalSection
EndGlobal
